
Microsoft Visual Studio Solution File, Format Version 12.00
# Visual Studio 15
VisualStudioVersion = 15.0.28307.1209
MinimumVisualStudioVersion = 10.0.40219.1
Project("{FAE04EC0-301F-11D3-BF4B-00C04F79EFBC}") = "Wechflix", "Wechflix\Wechflix.csproj", "{810AE43F-EF8F-499B-9528-6C99D1511529}"
EndProject
Global
	GlobalSection(SolutionConfigurationPlatforms) = preSolution
		Debug|Any CPU = Debug|Any CPU
		Release|Any CPU = Release|Any CPU
	EndGlobalSection
	GlobalSection(ProjectConfigurationPlatforms) = postSolution
		{810AE43F-EF8F-499B-9528-6C99D1511529}.Debug|Any CPU.ActiveCfg = Debug|Any CPU
		{810AE43F-EF8F-499B-9528-6C99D1511529}.Debug|Any CPU.Build.0 = Debug|Any CPU
		{810AE43F-EF8F-499B-9528-6C99D1511529}.Release|Any CPU.ActiveCfg = Release|Any CPU
		{810AE43F-EF8F-499B-9528-6C99D1511529}.Release|Any CPU.Build.0 = Release|Any CPU
	EndGlobalSection
	GlobalSection(SolutionProperties) = preSolution
		HideSolutionNode = FALSE
	EndGlobalSection
	GlobalSection(ExtensibilityGlobals) = postSolution
		SolutionGuid = {E383A53B-B913-4B0C-858A-40FD35268427}
	EndGlobalSection
EndGlobal
